
Microsoft Visual Studio Solution File, Format Version 12.00
# Visual Studio Version 17
VisualStudioVersion = 17.2.32630.192
MinimumVisualStudioVersion = 10.0.40219.1
Project("{FAE04EC0-301F-11D3-BF4B-00C04F79EFBC}") = "app_road", "app_road.csproj", "{DE75E2F1-D8AC-48D4-A814-A9DEB736B02C}"
EndProject
Global
	GlobalSection(SolutionConfigurationPlatforms) = preSolution
		Debug|Any CPU = Debug|Any CPU
		Release|Any CPU = Release|Any CPU
	EndGlobalSection
	GlobalSection(ProjectConfigurationPlatforms) = postSolution
		{DE75E2F1-D8AC-48D4-A814-A9DEB736B02C}.Debug|Any CPU.ActiveCfg = Debug|Any CPU
		{DE75E2F1-D8AC-48D4-A814-A9DEB736B02C}.Debug|Any CPU.Build.0 = Debug|Any CPU
		{DE75E2F1-D8AC-48D4-A814-A9DEB736B02C}.Release|Any CPU.ActiveCfg = Release|Any CPU
		{DE75E2F1-D8AC-48D4-A814-A9DEB736B02C}.Release|Any CPU.Build.0 = Release|Any CPU
	EndGlobalSection
	GlobalSection(SolutionProperties) = preSolution
		HideSolutionNode = FALSE
	EndGlobalSection
	GlobalSection(ExtensibilityGlobals) = postSolution
		SolutionGuid = {8FEF0D40-DA9A-4070-9263-4743CE7562C4}
	EndGlobalSection
EndGlobal
